Microsoft Visual Studio Solution File, Format Version 12.00
# Visual Studio Version 17
VisualStudioVersion = 17.5.2.0
MinimumVisualStudioVersion = 10.0.40219.1
Project("{2150E333-8FDC-42A3-9474-1A3956D46DE8}") = "Struct", "Struct", "{3A50BC37-DDC8-07B7-4978-6A9E628D6934}"
EndProject
Project("{FAE04EC0-301F-11D3-BF4B-00C04F79EFBC}") = "16052025", "Struct\16052025\16052025.csproj", "{27E5FDDF-ED04-A803-AA28-416226F0A86A}"
EndProject
Global
	GlobalSection(SolutionConfigurationPlatforms) = preSolution
		Debug|Any CPU = Debug|Any CPU
		Release|Any CPU = Release|Any CPU
	EndGlobalSection
	GlobalSection(ProjectConfigurationPlatforms) = postSolution
		{27E5FDDF-ED04-A803-AA28-416226F0A86A}.Debug|Any CPU.ActiveCfg = Debug|Any CPU
		{27E5FDDF-ED04-A803-AA28-416226F0A86A}.Debug|Any CPU.Build.0 = Debug|Any CPU
		{27E5FDDF-ED04-A803-AA28-416226F0A86A}.Release|Any CPU.ActiveCfg = Release|Any CPU
		{27E5FDDF-ED04-A803-AA28-416226F0A86A}.Release|Any CPU.Build.0 = Release|Any CPU
	EndGlobalSection
	GlobalSection(SolutionProperties) = preSolution
		HideSolutionNode = FALSE
	EndGlobalSection
	GlobalSection(NestedProjects) = preSolution
		{27E5FDDF-ED04-A803-AA28-416226F0A86A} = {3A50BC37-DDC8-07B7-4978-6A9E628D6934}
	EndGlobalSection
	GlobalSection(ExtensibilityGlobals) = postSolution
		SolutionGuid = {32131995-59BC-490B-8B93-3D0096436523}
	EndGlobalSection
EndGlobal
